
Microsoft Visual Studio Solution File, Format Version 12.00
# Visual Studio Version 17
VisualStudioVersion = 17.5.002.0
MinimumVisualStudioVersion = 10.0.40219.1
Project("{2150E333-8FDC-42A3-9474-1A3956D46DE8}") = "CsharpProjects", "CsharpProjects", "{32B45D86-D675-46A4-904E-AA250CBCAA0F}"
EndProject
Project("{9A19103F-16F7-4668-BE54-9A1E7A4F7556}") = "TestProject", "CsharpProjects\TestProject\TestProject.csproj", "{4E1A1A8F-1467-4325-807F-23D9DBAA40E8}"
EndProject
Global
	GlobalSection(SolutionConfigurationPlatforms) = preSolution
		Debug|Any CPU = Debug|Any CPU
		Release|Any CPU = Release|Any CPU
	EndGlobalSection
	GlobalSection(ProjectConfigurationPlatforms) = postSolution
		{4E1A1A8F-1467-4325-807F-23D9DBAA40E8}.Debug|Any CPU.ActiveCfg = Debug|Any CPU
		{4E1A1A8F-1467-4325-807F-23D9DBAA40E8}.Debug|Any CPU.Build.0 = Debug|Any CPU
		{4E1A1A8F-1467-4325-807F-23D9DBAA40E8}.Release|Any CPU.ActiveCfg = Release|Any CPU
		{4E1A1A8F-1467-4325-807F-23D9DBAA40E8}.Release|Any CPU.Build.0 = Release|Any CPU
	EndGlobalSection
	GlobalSection(SolutionProperties) = preSolution
		HideSolutionNode = FALSE
	EndGlobalSection
	GlobalSection(NestedProjects) = preSolution
		{4E1A1A8F-1467-4325-807F-23D9DBAA40E8} = {32B45D86-D675-46A4-904E-AA250CBCAA0F}
	EndGlobalSection
	GlobalSection(ExtensibilityGlobals) = postSolution
		SolutionGuid = {E607D327-1CE1-42FE-ABA0-5F37FAF8CDCD}
	EndGlobalSection
EndGlobal
